
Microsoft Visual Studio Solution File, Format Version 12.00
# Visual Studio 15
VisualStudioVersion = 15.0.28307.168
MinimumVisualStudioVersion = 10.0.40219.1
Project("{2150E333-8FDC-42A3-9474-1A3956D46DE8}") = "Domain", "Domain", "{AB9B8376-33C4-48F2-B118-95F9E7C2C9D5}"
EndProject
Project("{2150E333-8FDC-42A3-9474-1A3956D46DE8}") = "Application", "Application", "{70E23F73-4AFF-432B-942C-0F17CB2C9605}"
EndProject
Project("{2150E333-8FDC-42A3-9474-1A3956D46DE8}") = "Infra", "Infra", "{A7E78669-0BB2-4E1E-AAEC-0FE6E3F474C6}"
EndProject
Project("{9A19103F-16F7-4668-BE54-9A1E7A4F7556}") = "FalzoGamer.Domain", "FalzoGamer.Domain\FalzoGamer.Domain.csproj", "{C9A99DBD-9CAB-415D-999D-37BD759FD6B9}"
EndProject
Project("{9A19103F-16F7-4668-BE54-9A1E7A4F7556}") = "FalzoGamer.Infra.Data", "FalzoGamer.Infra.Data\FalzoGamer.Infra.Data.csproj", "{141254CD-A0E9-4F1C-A337-695C7C175A9D}"
EndProject
Project("{2150E333-8FDC-42A3-9474-1A3956D46DE8}") = "Api", "Api", "{973C5299-D9DB-45D5-BB88-92E296A3DF06}"
EndProject
Project("{9A19103F-16F7-4668-BE54-9A1E7A4F7556}") = "FalzoGamer.Application", "FalzoGamer.Application\FalzoGamer.Application.csproj", "{B330926C-7199-42E6-9B36-65FECF2B78DA}"
EndProject
Project("{9A19103F-16F7-4668-BE54-9A1E7A4F7556}") = "FalzoGamer.Api", "FalzoGamer.Api\FalzoGamer.Api.csproj", "{29C43DF8-4C52-4C46-A44C-3D93ECA16952}"
EndProject
Project("{2150E333-8FDC-42A3-9474-1A3956D46DE8}") = "Data", "Data", "{B09A7469-C1D1-49CC-BEBA-311F75116A49}"
EndProject
Project("{2150E333-8FDC-42A3-9474-1A3956D46DE8}") = "IoC", "IoC", "{F1DE3D28-3817-45C1-9896-22BBACE7D14A}"
EndProject
Project("{9A19103F-16F7-4668-BE54-9A1E7A4F7556}") = "FalzoGamer.Infra.IoC", "FalzoGamer.Infra.IoC\FalzoGamer.Infra.IoC.csproj", "{6FEB73AB-5EC7-4B69-9B38-B2AE7A1D53C5}"
EndProject
Project("{2150E333-8FDC-42A3-9474-1A3956D46DE8}") = "Services", "Services", "{2F3A400E-7EA2-4988-8291-11F9F5C6F759}"
EndProject
Project("{9A19103F-16F7-4668-BE54-9A1E7A4F7556}") = "FalzoGamer.Services", "FalzoGamer.Services\FalzoGamer.Services.csproj", "{49C96268-4D68-42A8-82DF-5BD7D876AC04}"
EndProject
Project("{2150E333-8FDC-42A3-9474-1A3956D46DE8}") = "Admin", "Admin", "{1FA489DA-6843-45CC-8093-6C9EA9CFB79E}"
EndProject
Project("{2150E333-8FDC-42A3-9474-1A3956D46DE8}") = "Cross", "Cross", "{A1BA0309-F143-4DBB-B5B8-65D6CAE989E7}"
EndProject
Project("{FAE04EC0-301F-11D3-BF4B-00C04F79EFBC}") = "FalzoGamer.Cross", "FalzoGamer.Cross\FalzoGamer.Cross.csproj", "{858C8019-BFB5-481F-B681-7C1E8F56AE40}"
EndProject
Global
	GlobalSection(SolutionConfigurationPlatforms) = preSolution
		Debug|Any CPU = Debug|Any CPU
		Release|Any CPU = Release|Any CPU
	EndGlobalSection
	GlobalSection(ProjectConfigurationPlatforms) = postSolution
		{C9A99DBD-9CAB-415D-999D-37BD759FD6B9}.Debug|Any CPU.ActiveCfg = Debug|Any CPU
		{C9A99DBD-9CAB-415D-999D-37BD759FD6B9}.Debug|Any CPU.Build.0 = Debug|Any CPU
		{C9A99DBD-9CAB-415D-999D-37BD759FD6B9}.Release|Any CPU.ActiveCfg = Release|Any CPU
		{C9A99DBD-9CAB-415D-999D-37BD759FD6B9}.Release|Any CPU.Build.0 = Release|Any CPU
		{141254CD-A0E9-4F1C-A337-695C7C175A9D}.Debug|Any CPU.ActiveCfg = Debug|Any CPU
		{141254CD-A0E9-4F1C-A337-695C7C175A9D}.Debug|Any CPU.Build.0 = Debug|Any CPU
		{141254CD-A0E9-4F1C-A337-695C7C175A9D}.Release|Any CPU.ActiveCfg = Release|Any CPU
		{141254CD-A0E9-4F1C-A337-695C7C175A9D}.Release|Any CPU.Build.0 = Release|Any CPU
		{B330926C-7199-42E6-9B36-65FECF2B78DA}.Debug|Any CPU.ActiveCfg = Debug|Any CPU
		{B330926C-7199-42E6-9B36-65FECF2B78DA}.Debug|Any CPU.Build.0 = Debug|Any CPU
		{B330926C-7199-42E6-9B36-65FECF2B78DA}.Release|Any CPU.ActiveCfg = Release|Any CPU
		{B330926C-7199-42E6-9B36-65FECF2B78DA}.Release|Any CPU.Build.0 = Release|Any CPU
		{29C43DF8-4C52-4C46-A44C-3D93ECA16952}.Debug|Any CPU.ActiveCfg = Debug|Any CPU
		{29C43DF8-4C52-4C46-A44C-3D93ECA16952}.Debug|Any CPU.Build.0 = Debug|Any CPU
		{29C43DF8-4C52-4C46-A44C-3D93ECA16952}.Release|Any CPU.ActiveCfg = Release|Any CPU
		{29C43DF8-4C52-4C46-A44C-3D93ECA16952}.Release|Any CPU.Build.0 = Release|Any CPU
		{6FEB73AB-5EC7-4B69-9B38-B2AE7A1D53C5}.Debug|Any CPU.ActiveCfg = Debug|Any CPU
		{6FEB73AB-5EC7-4B69-9B38-B2AE7A1D53C5}.Debug|Any CPU.Build.0 = Debug|Any CPU
		{6FEB73AB-5EC7-4B69-9B38-B2AE7A1D53C5}.Release|Any CPU.ActiveCfg = Release|Any CPU
		{6FEB73AB-5EC7-4B69-9B38-B2AE7A1D53C5}.Release|Any CPU.Build.0 = Release|Any CPU
		{49C96268-4D68-42A8-82DF-5BD7D876AC04}.Debug|Any CPU.ActiveCfg = Debug|Any CPU
		{49C96268-4D68-42A8-82DF-5BD7D876AC04}.Debug|Any CPU.Build.0 = Debug|Any CPU
		{49C96268-4D68-42A8-82DF-5BD7D876AC04}.Release|Any CPU.ActiveCfg = Release|Any CPU
		{49C96268-4D68-42A8-82DF-5BD7D876AC04}.Release|Any CPU.Build.0 = Release|Any CPU
		{858C8019-BFB5-481F-B681-7C1E8F56AE40}.Debug|Any CPU.ActiveCfg = Debug|Any CPU
		{858C8019-BFB5-481F-B681-7C1E8F56AE40}.Debug|Any CPU.Build.0 = Debug|Any CPU
		{858C8019-BFB5-481F-B681-7C1E8F56AE40}.Release|Any CPU.ActiveCfg = Release|Any CPU
		{858C8019-BFB5-481F-B681-7C1E8F56AE40}.Release|Any CPU.Build.0 = Release|Any CPU
	EndGlobalSection
	GlobalSection(SolutionProperties) = preSolution
		HideSolutionNode = FALSE
	EndGlobalSection
	GlobalSection(NestedProjects) = preSolution
		{C9A99DBD-9CAB-415D-999D-37BD759FD6B9} = {AB9B8376-33C4-48F2-B118-95F9E7C2C9D5}
		{141254CD-A0E9-4F1C-A337-695C7C175A9D} = {B09A7469-C1D1-49CC-BEBA-311F75116A49}
		{B330926C-7199-42E6-9B36-65FECF2B78DA} = {70E23F73-4AFF-432B-942C-0F17CB2C9605}
		{29C43DF8-4C52-4C46-A44C-3D93ECA16952} = {973C5299-D9DB-45D5-BB88-92E296A3DF06}
		{B09A7469-C1D1-49CC-BEBA-311F75116A49} = {A7E78669-0BB2-4E1E-AAEC-0FE6E3F474C6}
		{F1DE3D28-3817-45C1-9896-22BBACE7D14A} = {A7E78669-0BB2-4E1E-AAEC-0FE6E3F474C6}
		{6FEB73AB-5EC7-4B69-9B38-B2AE7A1D53C5} = {F1DE3D28-3817-45C1-9896-22BBACE7D14A}
		{49C96268-4D68-42A8-82DF-5BD7D876AC04} = {2F3A400E-7EA2-4988-8291-11F9F5C6F759}
		{A1BA0309-F143-4DBB-B5B8-65D6CAE989E7} = {A7E78669-0BB2-4E1E-AAEC-0FE6E3F474C6}
		{858C8019-BFB5-481F-B681-7C1E8F56AE40} = {A1BA0309-F143-4DBB-B5B8-65D6CAE989E7}
	EndGlobalSection
	GlobalSection(ExtensibilityGlobals) = postSolution
		SolutionGuid = {C1BEA078-3D18-4EB1-951C-1317D460770C}
	EndGlobalSection
EndGlobal
